
Microsoft Visual Studio Solution File, Format Version 12.00
# Visual Studio 2012
Project("{FAE04EC0-301F-11D3-BF4B-00C04F79EFBC}") = "ShoesOnContainers", "ShoesOnContainers.csproj", "{8BDB20E5-BC82-41EB-AB86-F70F47AE85A4}"
EndProject
Global
	GlobalSection(SolutionConfigurationPlatforms) = preSolution
		Debug|Any CPU = Debug|Any CPU
		Release|Any CPU = Release|Any CPU
	EndGlobalSection
	GlobalSection(ProjectConfigurationPlatforms) = postSolution
		{8BDB20E5-BC82-41EB-AB86-F70F47AE85A4}.Debug|Any CPU.ActiveCfg = Debug|Any CPU
		{8BDB20E5-BC82-41EB-AB86-F70F47AE85A4}.Debug|Any CPU.Build.0 = Debug|Any CPU
		{8BDB20E5-BC82-41EB-AB86-F70F47AE85A4}.Release|Any CPU.ActiveCfg = Release|Any CPU
		{8BDB20E5-BC82-41EB-AB86-F70F47AE85A4}.Release|Any CPU.Build.0 = Release|Any CPU
	EndGlobalSection
EndGlobal
