
Microsoft Visual Studio Solution File, Format Version 12.00
# Visual Studio 2017
Project("{FAE04EC0-301F-11D3-BF4B-00C04F79EFBC}") = "ProductCatalogApi", "ProductCatalogApi.csproj", "{A86A7EED-DEB1-485F-A735-55740F5791EE}"
EndProject
Global
	GlobalSection(SolutionConfigurationPlatforms) = preSolution
		Debug|Any CPU = Debug|Any CPU
		Release|Any CPU = Release|Any CPU
	EndGlobalSection
	GlobalSection(ProjectConfigurationPlatforms) = postSolution
		{A86A7EED-DEB1-485F-A735-55740F5791EE}.Debug|Any CPU.ActiveCfg = Debug|Any CPU
		{A86A7EED-DEB1-485F-A735-55740F5791EE}.Debug|Any CPU.Build.0 = Debug|Any CPU
		{A86A7EED-DEB1-485F-A735-55740F5791EE}.Release|Any CPU.ActiveCfg = Release|Any CPU
		{A86A7EED-DEB1-485F-A735-55740F5791EE}.Release|Any CPU.Build.0 = Release|Any CPU
	EndGlobalSection
EndGlobal
